// !$*UTF8*$!
{
	archiveVersion = 1;
	classes = {
	};
	objectVersion = 55;
	objects = {

/* Begin PBXBuildFile section */
		60BD3C3D292C5EB2000D99E4 /* AppDelegate.swift in Sources */ = {isa = PBXBuildFile; fileRef = 60BD3C3C292C5EB2000D99E4 /* AppDelegate.swift */; };
		60BD3C3F292C5EB2000D99E4 /* SceneDelegate.swift in Sources */ = {isa = PBXBuildFile; fileRef = 60BD3C3E292C5EB2000D99E4 /* SceneDelegate.swift */; };
		60BD3C46292C5EB4000D99E4 /* Assets.xcassets in Resources */ = {isa = PBXBuildFile; fileRef = 60BD3C45292C5EB4000D99E4 /* Assets.xcassets */; };
		60BD3C49292C5EB4000D99E4 /* LaunchScreen.storyboard in Resources */ = {isa = PBXBuildFile; fileRef = 60BD3C47292C5EB4000D99E4 /* LaunchScreen.storyboard */; };
		60BD3C54292C5EB4000D99E4 /* LetsTest_GitHubSearchTests.swift in Sources */ = {isa = PBXBuildFile; fileRef = 60BD3C53292C5EB4000D99E4 /* LetsTest_GitHubSearchTests.swift */; };
/* End PBXBuildFile section */

/* Begin PBXContainerItemProxy section */
		60BD3C50292C5EB4000D99E4 /* PBXContainerItemProxy */ = {
			isa = PBXContainerItemProxy;
			containerPortal = 60BD3C31292C5EB2000D99E4 /* Project object */;
			proxyType = 1;
			remoteGlobalIDString = 60BD3C38292C5EB2000D99E4;
			remoteInfo = "LetsTest-GitHubSearch";
		};
/* End PBXContainerItemProxy section */

/* Begin PBXFileReference section */
		60BD3C39292C5EB2000D99E4 /* LetsTest-GitHubSearch.app */ = {isa = PBXFileReference; explicitFileType = wrapper.application; includeInIndex = 0; path = "LetsTest-GitHubSearch.app"; sourceTree = BUILT_PRODUCTS_DIR; };
		60BD3C3C292C5EB2000D99E4 /* AppDelegate.swift */ = {isa = PBXFileReference; lastKnownFileType = sourcecode.swift; path = AppDelegate.swift; sourceTree = "<group>"; };
		60BD3C3E292C5EB2000D99E4 /* SceneDelegate.swift */ = {isa = PBXFileReference; lastKnownFileType = sourcecode.swift; path = SceneDelegate.swift; sourceTree = "<group>"; };
		60BD3C45292C5EB4000D99E4 /* Assets.xcassets */ = {isa = PBXFileReference; lastKnownFileType = folder.assetcatalog; path = Assets.xcassets; sourceTree = "<group>"; };
		60BD3C48292C5EB4000D99E4 /* Base */ = {isa = PBXFileReference; lastKnownFileType = file.storyboard; name = Base; path = Base.lproj/LaunchScreen.storyboard; sourceTree = "<group>"; };
		60BD3C4A292C5EB4000D99E4 /* Info.plist */ = {isa = PBXFileReference; lastKnownFileType = text.plist.xml; path = Info.plist; sourceTree = "<group>"; };
		60BD3C4F292C5EB4000D99E4 /* LetsTest-GitHubSearchTests.xctest */ = {isa = PBXFileReference; explicitFileType = wrapper.cfbundle; includeInIndex = 0; path = "LetsTest-GitHubSearchTests.xctest"; sourceTree = BUILT_PRODUCTS_DIR; };
		60BD3C53292C5EB4000D99E4 /* LetsTest_GitHubSearchTests.swift */ = {isa = PBXFileReference; lastKnownFileType = sourcecode.swift; path = LetsTest_GitHubSearchTests.swift; sourceTree = "<group>"; };
/* End PBXFileReference section */

/* Begin PBXFrameworksBuildPhase section */
		60BD3C36292C5EB2000D99E4 /* Frameworks */ = {
			isa = PBXFrameworksBuildPhase;
			buildActionMask = 2147483647;
			files = (
			);
			runOnlyForDeploymentPostprocessing = 0;
		};
		60BD3C4C292C5EB4000D99E4 /* Frameworks */ = {
			isa = PBXFrameworksBuildPhase;
			buildActionMask = 2147483647;
			files = (
			);
			runOnlyForDeploymentPostprocessing = 0;
		};
/* End PBXFrameworksBuildPhase section */

/* Begin PBXGroup section */
		60BD3C30292C5EB2000D99E4 = {
			isa = PBXGroup;
			children = (
				60BD3C3B292C5EB2000D99E4 /* LetsTest-GitHubSearch */,
				60BD3C52292C5EB4000D99E4 /* LetsTest-GitHubSearchTests */,
				60BD3C3A292C5EB2000D99E4 /* Products */,
			);
			sourceTree = "<group>";
		};
		60BD3C3A292C5EB2000D99E4 /* Products */ = {
			isa = PBXGroup;
			children = (
				60BD3C39292C5EB2000D99E4 /* LetsTest-GitHubSearch.app */,
				60BD3C4F292C5EB4000D99E4 /* LetsTest-GitHubSearchTests.xctest */,
			);
			name = Products;
			sourceTree = "<group>";
		};
		60BD3C3B292C5EB2000D99E4 /* LetsTest-GitHubSearch */ = {
			isa = PBXGroup;
			children = (
				60BD3C3C292C5EB2000D99E4 /* AppDelegate.swift */,
				60BD3C3E292C5EB2000D99E4 /* SceneDelegate.swift */,
				60BD3C45292C5EB4000D99E4 /* Assets.xcassets */,
				60BD3C47292C5EB4000D99E4 /* LaunchScreen.storyboard */,
				60BD3C4A292C5EB4000D99E4 /* Info.plist */,
			);
			path = "LetsTest-GitHubSearch";
			sourceTree = "<group>";
		};
		60BD3C52292C5EB4000D99E4 /* LetsTest-GitHubSearchTests */ = {
			isa = PBXGroup;
			children = (
				60BD3C53292C5EB4000D99E4 /* LetsTest_GitHubSearchTests.swift */,
			);
			path = "LetsTest-GitHubSearchTests";
			sourceTree = "<group>";
		};
/* End PBXGroup section */

/* Begin PBXNativeTarget section */
		60BD3C38292C5EB2000D99E4 /* LetsTest-GitHubSearch */ = {
			isa = PBXNativeTarget;
			buildConfigurationList = 60BD3C63292C5EB4000D99E4 /* Build configuration list for PBXNativeTarget "LetsTest-GitHubSearch" */;
			buildPhases = (
				60BD3C35292C5EB2000D99E4 /* Sources */,
				60BD3C36292C5EB2000D99E4 /* Frameworks */,
				60BD3C37292C5EB2000D99E4 /* Resources */,
			);
			buildRules = (
			);
			dependencies = (
			);
			name = "LetsTest-GitHubSearch";
			productName = "LetsTest-GitHubSearch";
			productReference = 60BD3C39292C5EB2000D99E4 /* LetsTest-GitHubSearch.app */;
			productType = "com.apple.product-type.application";
		};
		60BD3C4E292C5EB4000D99E4 /* LetsTest-GitHubSearchTests */ = {
			isa = PBXNativeTarget;
			buildConfigurationList = 60BD3C66292C5EB4000D99E4 /* Build configuration list for PBXNativeTarget "LetsTest-GitHubSearchTests" */;
			buildPhases = (
				60BD3C4B292C5EB4000D99E4 /* Sources */,
				60BD3C4C292C5EB4000D99E4 /* Frameworks */,
				60BD3C4D292C5EB4000D99E4 /* Resources */,
			);
			buildRules = (
			);
			dependencies = (
				60BD3C51292C5EB4000D99E4 /* PBXTargetDependency */,
			);
			name = "LetsTest-GitHubSearchTests";
			productName = "LetsTest-GitHubSearchTests";
			productReference = 60BD3C4F292C5EB4000D99E4 /* LetsTest-GitHubSearchTests.xctest */;
			productType = "com.apple.product-type.bundle.unit-test";
		};
/* End PBXNativeTarget section */

/* Begin PBXProject section */
		60BD3C31292C5EB2000D99E4 /* Project object */ = {
			isa = PBXProject;
			attributes = {
				BuildIndependentTargetsInParallel = 1;
				LastSwiftUpdateCheck = 1340;
				LastUpgradeCheck = 1340;
				TargetAttributes = {
					60BD3C38292C5EB2000D99E4 = {
						CreatedOnToolsVersion = 13.4.1;
					};
					60BD3C4E292C5EB4000D99E4 = {
						CreatedOnToolsVersion = 13.4.1;
						TestTargetID = 60BD3C38292C5EB2000D99E4;
					};
				};
			};
			buildConfigurationList = 60BD3C34292C5EB2000D99E4 /* Build configuration list for PBXProject "LetsTest-GitHubSearch" */;
			compatibilityVersion = "Xcode 13.0";
			developmentRegion = en;
			hasScannedForEncodings = 0;
			knownRegions = (
				en,
				Base,
			);
			mainGroup = 60BD3C30292C5EB2000D99E4;
			productRefGroup = 60BD3C3A292C5EB2000D99E4 /* Products */;
			projectDirPath = "";
			projectRoot = "";
			targets = (
				60BD3C38292C5EB2000D99E4 /* LetsTest-GitHubSearch */,
				60BD3C4E292C5EB4000D99E4 /* LetsTest-GitHubSearchTests */,
			);
		};
/* End PBXProject section */

/* Begin PBXResourcesBuildPhase section */
		60BD3C37292C5EB2000D99E4 /* Resources */ = {
			isa = PBXResourcesBuildPhase;
			buildActionMask = 2147483647;
			files = (
				60BD3C49292C5EB4000D99E4 /* LaunchScreen.storyboard in Resources */,
				60BD3C46292C5EB4000D99E4 /* Assets.xcassets in Resources */,
			);
			runOnlyForDeploymentPostprocessing = 0;
		};
		60BD3C4D292C5EB4000D99E4 /* Resources */ = {
			isa = PBXResourcesBuildPhase;
			buildActionMask = 2147483647;
			files = (
			);
			runOnlyForDeploymentPostprocessing = 0;
		};
/* End PBXResourcesBuildPhase section */

/* Begin PBXSourcesBuildPhase section */
		60BD3C35292C5EB2000D99E4 /* Sources */ = {
			isa = PBXSourcesBuildPhase;
			buildActionMask = 2147483647;
			files = (
				60BD3C3D292C5EB2000D99E4 /* AppDelegate.swift in Sources */,
				60BD3C3F292C5EB2000D99E4 /* SceneDelegate.swift in Sources */,
			);
			runOnlyForDeploymentPostprocessing = 0;
		};
		60BD3C4B292C5EB4000D99E4 /* Sources */ = {
			isa = PBXSourcesBuildPhase;
			buildActionMask = 2147483647;
			files = (
				60BD3C54292C5EB4000D99E4 /* LetsTest_GitHubSearchTests.swift in Sources */,
			);
			runOnlyForDeploymentPostprocessing = 0;
		};
/* End PBXSourcesBuildPhase section */

/* Begin PBXTargetDependency section */
		60BD3C51292C5EB4000D99E4 /* PBXTargetDependency */ = {
			isa = PBXTargetDependency;
			target = 60BD3C38292C5EB2000D99E4 /* LetsTest-GitHubSearch */;
			targetProxy = 60BD3C50292C5EB4000D99E4 /* PBXContainerItemProxy */;
		};
/* End PBXTargetDependency section */

/* Begin PBXVariantGroup section */
		60BD3C47292C5EB4000D99E4 /* LaunchScreen.storyboard */ = {
			isa = PBXVariantGroup;
			children = (
				60BD3C48292C5EB4000D99E4 /* Base */,
			);
			name = LaunchScreen.storyboard;
			sourceTree = "<group>";
		};
/* End PBXVariantGroup section */

/* Begin XCBuildConfiguration section */
		60BD3C61292C5EB4000D99E4 /* Debug */ = {
			isa = XCBuildConfiguration;
			buildSettings = {
				ALWAYS_SEARCH_USER_PATHS = NO;
				CLANG_ANALYZER_NONNULL = YES;
				CLANG_ANALYZER_NUMBER_OBJECT_CONVERSION = YES_AGGRESSIVE;
				CLANG_CXX_LANGUAGE_STANDARD = "gnu++17";
				CLANG_ENABLE_MODULES = YES;
				CLANG_ENABLE_OBJC_ARC = YES;
				CLANG_ENABLE_OBJC_WEAK = YES;
				CLANG_WARN_BLOCK_CAPTURE_AUTORELEASING = YES;
				CLANG_WARN_BOOL_CONVERSION = YES;
				CLANG_WARN_COMMA = YES;
				CLANG_WARN_CONSTANT_CONVERSION = YES;
				CLANG_WARN_DEPRECATED_OBJC_IMPLEMENTATIONS = YES;
				CLANG_WARN_DIRECT_OBJC_ISA_USAGE = YES_ERROR;
				CLANG_WARN_DOCUMENTATION_COMMENTS = YES;
				CLANG_WARN_EMPTY_BODY = YES;
				CLANG_WARN_ENUM_CONVERSION = YES;
				CLANG_WARN_INFINITE_RECURSION = YES;
				CLANG_WARN_INT_CONVERSION = YES;
				CLANG_WARN_NON_LITERAL_NULL_CONVERSION = YES;
				CLANG_WARN_OBJC_IMPLICIT_RETAIN_SELF = YES;
				CLANG_WARN_OBJC_LITERAL_CONVERSION = YES;
				CLANG_WARN_OBJC_ROOT_CLASS = YES_ERROR;
				CLANG_WARN_QUOTED_INCLUDE_IN_FRAMEWORK_HEADER = YES;
				CLANG_WARN_RANGE_LOOP_ANALYSIS = YES;
				CLANG_WARN_STRICT_PROTOTYPES = YES;
				CLANG_WARN_SUSPICIOUS_MOVE = YES;
				CLANG_WARN_UNGUARDED_AVAILABILITY = YES_AGGRESSIVE;
				CLANG_WARN_UNREACHABLE_CODE = YES;
				CLANG_WARN__DUPLICATE_METHOD_MATCH = YES;
				COPY_PHASE_STRIP = NO;
				DEBUG_INFORMATION_FORMAT = dwarf;
				ENABLE_STRICT_OBJC_MSGSEND = YES;
				ENABLE_TESTABILITY = YES;
				GCC_C_LANGUAGE_STANDARD = gnu11;
				GCC_DYNAMIC_NO_PIC = NO;
				GCC_NO_COMMON_BLOCKS = YES;
				GCC_OPTIMIZATION_LEVEL = 0;
				GCC_PREPROCESSOR_DEFINITIONS = (
					"DEBUG=1",
					"$(inherited)",
				);
				GCC_WARN_64_TO_32_BIT_CONVERSION = YES;
				GCC_WARN_ABOUT_RETURN_TYPE = YES_ERROR;
				GCC_WARN_UNDECLARED_SELECTOR = YES;
				GCC_WARN_UNINITIALIZED_AUTOS = YES_AGGRESSIVE;
				GCC_WARN_UNUSED_FUNCTION = YES;
				GCC_WARN_UNUSED_VARIABLE = YES;
				IPHONEOS_DEPLOYMENT_TARGET = 15.5;
				MTL_ENABLE_DEBUG_INFO = INCLUDE_SOURCE;
				MTL_FAST_MATH = YES;
				ONLY_ACTIVE_ARCH = YES;
				SDKROOT = iphoneos;
				SWIFT_ACTIVE_COMPILATION_CONDITIONS = DEBUG;
				SWIFT_OPTIMIZATION_LEVEL = "-Onone";
			};
			name = Debug;
		};
		60BD3C62292C5EB4000D99E4 /* Release */ = {
			isa = XCBuildConfiguration;
			buildSettings = {
				ALWAYS_SEARCH_USER_PATHS = NO;
				CLANG_ANALYZER_NONNULL = YES;
				CLANG_ANALYZER_NUMBER_OBJECT_CONVERSION = YES_AGGRESSIVE;
				CLANG_CXX_LANGUAGE_STANDARD = "gnu++17";
				CLANG_ENABLE_MODULES = YES;
				CLANG_ENABLE_OBJC_ARC = YES;
				CLANG_ENABLE_OBJC_WEAK = YES;
				CLANG_WARN_BLOCK_CAPTURE_AUTORELEASING = YES;
				CLANG_WARN_BOOL_CONVERSION = YES;
				CLANG_WARN_COMMA = YES;
				CLANG_WARN_CONSTANT_CONVERSION = YES;
				CLANG_WARN_DEPRECATED_OBJC_IMPLEMENTATIONS = YES;
				CLANG_WARN_DIRECT_OBJC_ISA_USAGE = YES_ERROR;
				CLANG_WARN_DOCUMENTATION_COMMENTS = YES;
				CLANG_WARN_EMPTY_BODY = YES;
				CLANG_WARN_ENUM_CONVERSION = YES;
				CLANG_WARN_INFINITE_RECURSION = YES;
				CLANG_WARN_INT_CONVERSION = YES;
				CLANG_WARN_NON_LITERAL_NULL_CONVERSION = YES;
				CLANG_WARN_OBJC_IMPLICIT_RETAIN_SELF = YES;
				CLANG_WARN_OBJC_LITERAL_CONVERSION = YES;
				CLANG_WARN_OBJC_ROOT_CLASS = YES_ERROR;
				CLANG_WARN_QUOTED_INCLUDE_IN_FRAMEWORK_HEADER = YES;
				CLANG_WARN_RANGE_LOOP_ANALYSIS = YES;
				CLANG_WARN_STRICT_PROTOTYPES = YES;
				CLANG_WARN_SUSPICIOUS_MOVE = YES;
				CLANG_WARN_UNGUARDED_AVAILABILITY = YES_AGGRESSIVE;
				CLANG_WARN_UNREACHABLE_CODE = YES;
				CLANG_WARN__DUPLICATE_METHOD_MATCH = YES;
				COPY_PHASE_STRIP = NO;
				DEBUG_INFORMATION_FORMAT = "dwarf-with-dsym";
				ENABLE_NS_ASSERTIONS = NO;
				ENABLE_STRICT_OBJC_MSGSEND = YES;
				GCC_C_LANGUAGE_STANDARD = gnu11;
				GCC_NO_COMMON_BLOCKS = YES;
				GCC_WARN_64_TO_32_BIT_CONVERSION = YES;
				GCC_WARN_ABOUT_RETURN_TYPE = YES_ERROR;
				GCC_WARN_UNDECLARED_SELECTOR = YES;
				GCC_WARN_UNINITIALIZED_AUTOS = YES_AGGRESSIVE;
				GCC_WARN_UNUSED_FUNCTION = YES;
				GCC_WARN_UNUSED_VARIABLE = YES;
				IPHONEOS_DEPLOYMENT_TARGET = 15.5;
				MTL_ENABLE_DEBUG_INFO = NO;
				MTL_FAST_MATH = YES;
				SDKROOT = iphoneos;
				SWIFT_COMPILATION_MODE = wholemodule;
				SWIFT_OPTIMIZATION_LEVEL = "-O";
				VALIDATE_PRODUCT = YES;
			};
			name = Release;
		};
		60BD3C64292C5EB4000D99E4 /* Debug */ = {
			isa = XCBuildConfiguration;
			buildSettings = {
				ASSETCATALOG_COMPILER_APPICON_NAME = AppIcon;
				ASSETCATALOG_COMPILER_GLOBAL_ACCENT_COLOR_NAME = AccentColor;
				CODE_SIGN_STYLE = Automatic;
				CURRENT_PROJECT_VERSION = 1;
				DEVELOPMENT_TEAM = 46KGHHF73Q;
				GENERATE_INFOPLIST_FILE = YES;
				INFOPLIST_FILE = "LetsTest-GitHubSearch/Info.plist";
				INFOPLIST_KEY_UIApplicationSupportsIndirectInputEvents = YES;
				INFOPLIST_KEY_UILaunchStoryboardName = LaunchScreen;
				INFOPLIST_KEY_UISupportedInterfaceOrientations_iPad = "UIInterfaceOrientationPortrait UIInterfaceOrientationPortraitUpsideDown UIInterfaceOrientationLandscapeLeft UIInterfaceOrientationLandscapeRight";
				INFOPLIST_KEY_UISupportedInterfaceOrientations_iPhone = "UIInterfaceOrientationPortrait UIInterfaceOrientationLandscapeLeft UIInterfaceOrientationLandscapeRight";
				LD_RUNPATH_SEARCH_PATHS = (
					"$(inherited)",
					"@executable_path/Frameworks",
				);
				MARKETING_VERSION = 1.0;
				PRODUCT_BUNDLE_IDENTIFIER = "com.tokijh.LetsTest-GitHubSearch";
				PRODUCT_NAME = "$(TARGET_NAME)";
				SWIFT_EMIT_LOC_STRINGS = YES;
				SWIFT_VERSION = 5.0;
				TARGETED_DEVICE_FAMILY = "1,2";
			};
			name = Debug;
		};
		60BD3C65292C5EB4000D99E4 /* Release */ = {
			isa = XCBuildConfiguration;
			buildSettings = {
				ASSETCATALOG_COMPILER_APPICON_NAME = AppIcon;
				ASSETCATALOG_COMPILER_GLOBAL_ACCENT_COLOR_NAME = AccentColor;
				CODE_SIGN_STYLE = Automatic;
				CURRENT_PROJECT_VERSION = 1;
				DEVELOPMENT_TEAM = 46KGHHF73Q;
				GENERATE_INFOPLIST_FILE = YES;
				INFOPLIST_FILE = "LetsTest-GitHubSearch/Info.plist";
				INFOPLIST_KEY_UIApplicationSupportsIndirectInputEvents = YES;
				INFOPLIST_KEY_UILaunchStoryboardName = LaunchScreen;
				INFOPLIST_KEY_UISupportedInterfaceOrientations_iPad = "UIInterfaceOrientationPortrait UIInterfaceOrientationPortraitUpsideDown UIInterfaceOrientationLandscapeLeft UIInterfaceOrientationLandscapeRight";
				INFOPLIST_KEY_UISupportedInterfaceOrientations_iPhone = "UIInterfaceOrientationPortrait UIInterfaceOrientationLandscapeLeft UIInterfaceOrientationLandscapeRight";
				LD_RUNPATH_SEARCH_PATHS = (
					"$(inherited)",
					"@executable_path/Frameworks",
				);
				MARKETING_VERSION = 1.0;
				PRODUCT_BUNDLE_IDENTIFIER = "com.tokijh.LetsTest-GitHubSearch";
				PRODUCT_NAME = "$(TARGET_NAME)";
				SWIFT_EMIT_LOC_STRINGS = YES;
				SWIFT_VERSION = 5.0;
				TARGETED_DEVICE_FAMILY = "1,2";
			};
			name = Release;
		};
		60BD3C67292C5EB4000D99E4 /* Debug */ = {
			isa = XCBuildConfiguration;
			buildSettings = {
				ALWAYS_EMBED_SWIFT_STANDARD_LIBRARIES = YES;
				BUNDLE_LOADER = "$(TEST_HOST)";
				CODE_SIGN_STYLE = Automatic;
				CURRENT_PROJECT_VERSION = 1;
				DEVELOPMENT_TEAM = 46KGHHF73Q;
				GENERATE_INFOPLIST_FILE = YES;
				IPHONEOS_DEPLOYMENT_TARGET = 15.5;
				MARKETING_VERSION = 1.0;
				PRODUCT_BUNDLE_IDENTIFIER = "com.tokijh.LetsTest-GitHubSearchTests";
				PRODUCT_NAME = "$(TARGET_NAME)";
				SWIFT_EMIT_LOC_STRINGS = NO;
				SWIFT_VERSION = 5.0;
				TARGETED_DEVICE_FAMILY = "1,2";
				TEST_HOST = "$(BUILT_PRODUCTS_DIR)/LetsTest-GitHubSearch.app/LetsTest-GitHubSearch";
			};
			name = Debug;
		};
		60BD3C68292C5EB4000D99E4 /* Release */ = {
			isa = XCBuildConfiguration;
			buildSettings = {
				ALWAYS_EMBED_SWIFT_STANDARD_LIBRARIES = YES;
				BUNDLE_LOADER = "$(TEST_HOST)";
				CODE_SIGN_STYLE = Automatic;
				CURRENT_PROJECT_VERSION = 1;
				DEVELOPMENT_TEAM = 46KGHHF73Q;
				GENERATE_INFOPLIST_FILE = YES;
				IPHONEOS_DEPLOYMENT_TARGET = 15.5;
				MARKETING_VERSION = 1.0;
				PRODUCT_BUNDLE_IDENTIFIER = "com.tokijh.LetsTest-GitHubSearchTests";
				PRODUCT_NAME = "$(TARGET_NAME)";
				SWIFT_EMIT_LOC_STRINGS = NO;
				SWIFT_VERSION = 5.0;
				TARGETED_DEVICE_FAMILY = "1,2";
				TEST_HOST = "$(BUILT_PRODUCTS_DIR)/LetsTest-GitHubSearch.app/LetsTest-GitHubSearch";
			};
			name = Release;
		};
/* End XCBuildConfiguration section */

/* Begin XCConfigurationList section */
		60BD3C34292C5EB2000D99E4 /* Build configuration list for PBXProject "LetsTest-GitHubSearch" */ = {
			isa = XCConfigurationList;
			buildConfigurations = (
				60BD3C61292C5EB4000D99E4 /* Debug */,
				60BD3C62292C5EB4000D99E4 /* Release */,
			);
			defaultConfigurationIsVisible = 0;
			defaultConfigurationName = Release;
		};
		60BD3C63292C5EB4000D99E4 /* Build configuration list for PBXNativeTarget "LetsTest-GitHubSearch" */ = {
			isa = XCConfigurationList;
			buildConfigurations = (
				60BD3C64292C5EB4000D99E4 /* Debug */,
				60BD3C65292C5EB4000D99E4 /* Release */,
			);
			defaultConfigurationIsVisible = 0;
			defaultConfigurationName = Release;
		};
		60BD3C66292C5EB4000D99E4 /* Build configuration list for PBXNativeTarget "LetsTest-GitHubSearchTests" */ = {
			isa = XCConfigurationList;
			buildConfigurations = (
				60BD3C67292C5EB4000D99E4 /* Debug */,
				60BD3C68292C5EB4000D99E4 /* Release */,
			);
			defaultConfigurationIsVisible = 0;
			defaultConfigurationName = Release;
		};
/* End XCConfigurationList section */
	};
	rootObject = 60BD3C31292C5EB2000D99E4 /* Project object */;
}
