// !$*UTF8*$!
{
	archiveVersion = 1;
	classes = {
	};
	objectVersion = 55;
	objects = {

/* Begin PBXBuildFile section */
		60BD3C3D292C5EB2000D99E4 /* AppDelegate.swift in Sources */ = {isa = PBXBuildFile; fileRef = 60BD3C3C292C5EB2000D99E4 /* AppDelegate.swift */; };
		60BD3C3F292C5EB2000D99E4 /* SceneDelegate.swift in Sources */ = {isa = PBXBuildFile; fileRef = 60BD3C3E292C5EB2000D99E4 /* SceneDelegate.swift */; };
		60BD3C46292C5EB4000D99E4 /* Assets.xcassets in Resources */ = {isa = PBXBuildFile; fileRef = 60BD3C45292C5EB4000D99E4 /* Assets.xcassets */; };
		60BD3C49292C5EB4000D99E4 /* LaunchScreen.storyboard in Resources */ = {isa = PBXBuildFile; fileRef = 60BD3C47292C5EB4000D99E4 /* LaunchScreen.storyboard */; };
		60BD3C6F292C6302000D99E4 /* Application.swift in Sources */ = {isa = PBXBuildFile; fileRef = 60BD3C6E292C6302000D99E4 /* Application.swift */; };
		60BD3C72292C634C000D99E4 /* Repository.swift in Sources */ = {isa = PBXBuildFile; fileRef = 60BD3C71292C634C000D99E4 /* Repository.swift */; };
		60BD3C74292C635C000D99E4 /* RepositorySearchResult.swift in Sources */ = {isa = PBXBuildFile; fileRef = 60BD3C73292C635C000D99E4 /* RepositorySearchResult.swift */; };
		60BD3C7B292C6396000D99E4 /* RepositoryTableViewCell.swift in Sources */ = {isa = PBXBuildFile; fileRef = 60BD3C7A292C6396000D99E4 /* RepositoryTableViewCell.swift */; };
		60BD3C7D292C63B5000D99E4 /* RepositoryListViewController.swift in Sources */ = {isa = PBXBuildFile; fileRef = 60BD3C7C292C63B5000D99E4 /* RepositoryListViewController.swift */; };
		60BD3C80292C640C000D99E4 /* Stub in Frameworks */ = {isa = PBXBuildFile; productRef = 60BD3C7F292C640C000D99E4 /* Stub */; };
		60BD3C83292C6429000D99E4 /* Testables in Frameworks */ = {isa = PBXBuildFile; productRef = 60BD3C82292C6429000D99E4 /* Testables */; };
		60BD3C85292C644B000D99E4 /* RepositoryListViewModel.swift in Sources */ = {isa = PBXBuildFile; fileRef = 60BD3C84292C644B000D99E4 /* RepositoryListViewModel.swift */; };
		60BD3C89292C6473000D99E4 /* GitHubRepositorySearchService.swift in Sources */ = {isa = PBXBuildFile; fileRef = 60BD3C88292C6473000D99E4 /* GitHubRepositorySearchService.swift */; };
		60BD3C8C292C649D000D99E4 /* AppDelegateStub.swift in Sources */ = {isa = PBXBuildFile; fileRef = 60BD3C8B292C649D000D99E4 /* AppDelegateStub.swift */; };
		60BD3C92292C64C6000D99E4 /* RepositoryTableViewCellTests.swift in Sources */ = {isa = PBXBuildFile; fileRef = 60BD3C91292C64C6000D99E4 /* RepositoryTableViewCellTests.swift */; };
		60BD3C94292C64E0000D99E4 /* RepositoryListViewControllerTests.swift in Sources */ = {isa = PBXBuildFile; fileRef = 60BD3C93292C64E0000D99E4 /* RepositoryListViewControllerTests.swift */; };
		60BD3C96292C64F3000D99E4 /* RepositoryListViewModelTests.swift in Sources */ = {isa = PBXBuildFile; fileRef = 60BD3C95292C64F3000D99E4 /* RepositoryListViewModelTests.swift */; };
		60BD3C9A292C65A0000D99E4 /* GitHubRepositorySearchServiceTests.swift in Sources */ = {isa = PBXBuildFile; fileRef = 60BD3C99292C65A0000D99E4 /* GitHubRepositorySearchServiceTests.swift */; };
/* End PBXBuildFile section */

/* Begin PBXContainerItemProxy section */
		60BD3C50292C5EB4000D99E4 /* PBXContainerItemProxy */ = {
			isa = PBXContainerItemProxy;
			containerPortal = 60BD3C31292C5EB2000D99E4 /* Project object */;
			proxyType = 1;
			remoteGlobalIDString = 60BD3C38292C5EB2000D99E4;
			remoteInfo = "LetsTest-GitHubSearch";
		};
/* End PBXContainerItemProxy section */

/* Begin PBXFileReference section */
		60BD3C39292C5EB2000D99E4 /* LetsTest-GitHubSearch.app */ = {isa = PBXFileReference; explicitFileType = wrapper.application; includeInIndex = 0; path = "LetsTest-GitHubSearch.app"; sourceTree = BUILT_PRODUCTS_DIR; };
		60BD3C3C292C5EB2000D99E4 /* AppDelegate.swift */ = {isa = PBXFileReference; lastKnownFileType = sourcecode.swift; path = AppDelegate.swift; sourceTree = "<group>"; };
		60BD3C3E292C5EB2000D99E4 /* SceneDelegate.swift */ = {isa = PBXFileReference; lastKnownFileType = sourcecode.swift; path = SceneDelegate.swift; sourceTree = "<group>"; };
		60BD3C45292C5EB4000D99E4 /* Assets.xcassets */ = {isa = PBXFileReference; lastKnownFileType = folder.assetcatalog; path = Assets.xcassets; sourceTree = "<group>"; };
		60BD3C48292C5EB4000D99E4 /* Base */ = {isa = PBXFileReference; lastKnownFileType = file.storyboard; name = Base; path = Base.lproj/LaunchScreen.storyboard; sourceTree = "<group>"; };
		60BD3C4A292C5EB4000D99E4 /* Info.plist */ = {isa = PBXFileReference; lastKnownFileType = text.plist.xml; path = Info.plist; sourceTree = "<group>"; };
		60BD3C4F292C5EB4000D99E4 /* LetsTest-GitHubSearchTests.xctest */ = {isa = PBXFileReference; explicitFileType = wrapper.cfbundle; includeInIndex = 0; path = "LetsTest-GitHubSearchTests.xctest"; sourceTree = BUILT_PRODUCTS_DIR; };
		60BD3C6E292C6302000D99E4 /* Application.swift */ = {isa = PBXFileReference; lastKnownFileType = sourcecode.swift; path = Application.swift; sourceTree = "<group>"; };
		60BD3C71292C634C000D99E4 /* Repository.swift */ = {isa = PBXFileReference; lastKnownFileType = sourcecode.swift; path = Repository.swift; sourceTree = "<group>"; };
		60BD3C73292C635C000D99E4 /* RepositorySearchResult.swift */ = {isa = PBXFileReference; lastKnownFileType = sourcecode.swift; path = RepositorySearchResult.swift; sourceTree = "<group>"; };
		60BD3C7A292C6396000D99E4 /* RepositoryTableViewCell.swift */ = {isa = PBXFileReference; lastKnownFileType = sourcecode.swift; path = RepositoryTableViewCell.swift; sourceTree = "<group>"; };
		60BD3C7C292C63B5000D99E4 /* RepositoryListViewController.swift */ = {isa = PBXFileReference; lastKnownFileType = sourcecode.swift; path = RepositoryListViewController.swift; sourceTree = "<group>"; };
		60BD3C84292C644B000D99E4 /* RepositoryListViewModel.swift */ = {isa = PBXFileReference; lastKnownFileType = sourcecode.swift; path = RepositoryListViewModel.swift; sourceTree = "<group>"; };
		60BD3C88292C6473000D99E4 /* GitHubRepositorySearchService.swift */ = {isa = PBXFileReference; lastKnownFileType = sourcecode.swift; path = GitHubRepositorySearchService.swift; sourceTree = "<group>"; };
		60BD3C8B292C649D000D99E4 /* AppDelegateStub.swift */ = {isa = PBXFileReference; lastKnownFileType = sourcecode.swift; path = AppDelegateStub.swift; sourceTree = "<group>"; };
		60BD3C91292C64C6000D99E4 /* RepositoryTableViewCellTests.swift */ = {isa = PBXFileReference; lastKnownFileType = sourcecode.swift; path = RepositoryTableViewCellTests.swift; sourceTree = "<group>"; };
		60BD3C93292C64E0000D99E4 /* RepositoryListViewControllerTests.swift */ = {isa = PBXFileReference; lastKnownFileType = sourcecode.swift; path = RepositoryListViewControllerTests.swift; sourceTree = "<group>"; };
		60BD3C95292C64F3000D99E4 /* RepositoryListViewModelTests.swift */ = {isa = PBXFileReference; lastKnownFileType = sourcecode.swift; path = RepositoryListViewModelTests.swift; sourceTree = "<group>"; };
		60BD3C99292C65A0000D99E4 /* GitHubRepositorySearchServiceTests.swift */ = {isa = PBXFileReference; lastKnownFileType = sourcecode.swift; path = GitHubRepositorySearchServiceTests.swift; sourceTree = "<group>"; };
/* End PBXFileReference section */

/* Begin PBXFrameworksBuildPhase section */
		60BD3C36292C5EB2000D99E4 /* Frameworks */ = {
			isa = PBXFrameworksBuildPhase;
			buildActionMask = 2147483647;
			files = (
				60BD3C83292C6429000D99E4 /* Testables in Frameworks */,
			);
			runOnlyForDeploymentPostprocessing = 0;
		};
		60BD3C4C292C5EB4000D99E4 /* Frameworks */ = {
			isa = PBXFrameworksBuildPhase;
			buildActionMask = 2147483647;
			files = (
				60BD3C80292C640C000D99E4 /* Stub in Frameworks */,
			);
			runOnlyForDeploymentPostprocessing = 0;
		};
/* End PBXFrameworksBuildPhase section */

/* Begin PBXGroup section */
		60BD3C30292C5EB2000D99E4 = {
			isa = PBXGroup;
			children = (
				60BD3C3B292C5EB2000D99E4 /* LetsTest-GitHubSearch */,
				60BD3C52292C5EB4000D99E4 /* LetsTest-GitHubSearchTests */,
				60BD3C3A292C5EB2000D99E4 /* Products */,
			);
			sourceTree = "<group>";
		};
		60BD3C3A292C5EB2000D99E4 /* Products */ = {
			isa = PBXGroup;
			children = (
				60BD3C39292C5EB2000D99E4 /* LetsTest-GitHubSearch.app */,
				60BD3C4F292C5EB4000D99E4 /* LetsTest-GitHubSearchTests.xctest */,
			);
			name = Products;
			sourceTree = "<group>";
		};
		60BD3C3B292C5EB2000D99E4 /* LetsTest-GitHubSearch */ = {
			isa = PBXGroup;
			children = (
				60BD3C6D292C62F5000D99E4 /* Entry */,
				60BD3C70292C6341000D99E4 /* Model */,
				60BD3C75292C6366000D99E4 /* Resource */,
				60BD3C76292C6376000D99E4 /* Scene */,
				60BD3C86292C6461000D99E4 /* Service */,
			);
			path = "LetsTest-GitHubSearch";
			sourceTree = "<group>";
		};
		60BD3C52292C5EB4000D99E4 /* LetsTest-GitHubSearchTests */ = {
			isa = PBXGroup;
			children = (
				60BD3C8A292C6495000D99E4 /* Entry */,
				60BD3C8D292C64AF000D99E4 /* Scene */,
				60BD3C97292C658A000D99E4 /* Service */,
			);
			path = "LetsTest-GitHubSearchTests";
			sourceTree = "<group>";
		};
		60BD3C6D292C62F5000D99E4 /* Entry */ = {
			isa = PBXGroup;
			children = (
				60BD3C3C292C5EB2000D99E4 /* AppDelegate.swift */,
				60BD3C6E292C6302000D99E4 /* Application.swift */,
				60BD3C3E292C5EB2000D99E4 /* SceneDelegate.swift */,
			);
			path = Entry;
			sourceTree = "<group>";
		};
		60BD3C70292C6341000D99E4 /* Model */ = {
			isa = PBXGroup;
			children = (
				60BD3C71292C634C000D99E4 /* Repository.swift */,
				60BD3C73292C635C000D99E4 /* RepositorySearchResult.swift */,
			);
			path = Model;
			sourceTree = "<group>";
		};
		60BD3C75292C6366000D99E4 /* Resource */ = {
			isa = PBXGroup;
			children = (
				60BD3C45292C5EB4000D99E4 /* Assets.xcassets */,
				60BD3C47292C5EB4000D99E4 /* LaunchScreen.storyboard */,
				60BD3C4A292C5EB4000D99E4 /* Info.plist */,
			);
			path = Resource;
			sourceTree = "<group>";
		};
		60BD3C76292C6376000D99E4 /* Scene */ = {
			isa = PBXGroup;
			children = (
				60BD3C77292C637C000D99E4 /* RepositoryList */,
				60BD3C7C292C63B5000D99E4 /* RepositoryListViewController.swift */,
				60BD3C84292C644B000D99E4 /* RepositoryListViewModel.swift */,
			);
			path = Scene;
			sourceTree = "<group>";
		};
		60BD3C77292C637C000D99E4 /* RepositoryList */ = {
			isa = PBXGroup;
			children = (
				60BD3C78292C6389000D99E4 /* View */,
			);
			path = RepositoryList;
			sourceTree = "<group>";
		};
		60BD3C78292C6389000D99E4 /* View */ = {
			isa = PBXGroup;
			children = (
				60BD3C79292C638C000D99E4 /* TableViewCell */,
			);
			path = View;
			sourceTree = "<group>";
		};
		60BD3C79292C638C000D99E4 /* TableViewCell */ = {
			isa = PBXGroup;
			children = (
				60BD3C7A292C6396000D99E4 /* RepositoryTableViewCell.swift */,
			);
			path = TableViewCell;
			sourceTree = "<group>";
		};
		60BD3C86292C6461000D99E4 /* Service */ = {
			isa = PBXGroup;
			children = (
				60BD3C87292C6466000D99E4 /* RepositorySearch */,
			);
			path = Service;
			sourceTree = "<group>";
		};
		60BD3C87292C6466000D99E4 /* RepositorySearch */ = {
			isa = PBXGroup;
			children = (
				60BD3C88292C6473000D99E4 /* GitHubRepositorySearchService.swift */,
			);
			path = RepositorySearch;
			sourceTree = "<group>";
		};
		60BD3C8A292C6495000D99E4 /* Entry */ = {
			isa = PBXGroup;
			children = (
				60BD3C8B292C649D000D99E4 /* AppDelegateStub.swift */,
			);
			path = Entry;
			sourceTree = "<group>";
		};
		60BD3C8D292C64AF000D99E4 /* Scene */ = {
			isa = PBXGroup;
			children = (
				60BD3C8E292C64B2000D99E4 /* RepositoryList */,
			);
			path = Scene;
			sourceTree = "<group>";
		};
		60BD3C8E292C64B2000D99E4 /* RepositoryList */ = {
			isa = PBXGroup;
			children = (
				60BD3C8F292C64B8000D99E4 /* View */,
				60BD3C93292C64E0000D99E4 /* RepositoryListViewControllerTests.swift */,
				60BD3C95292C64F3000D99E4 /* RepositoryListViewModelTests.swift */,
			);
			path = RepositoryList;
			sourceTree = "<group>";
		};
		60BD3C8F292C64B8000D99E4 /* View */ = {
			isa = PBXGroup;
			children = (
				60BD3C90292C64BB000D99E4 /* TableViewCell */,
			);
			path = View;
			sourceTree = "<group>";
		};
		60BD3C90292C64BB000D99E4 /* TableViewCell */ = {
			isa = PBXGroup;
			children = (
				60BD3C91292C64C6000D99E4 /* RepositoryTableViewCellTests.swift */,
			);
			path = TableViewCell;
			sourceTree = "<group>";
		};
		60BD3C97292C658A000D99E4 /* Service */ = {
			isa = PBXGroup;
			children = (
				60BD3C98292C658E000D99E4 /* RepositorySearch */,
			);
			path = Service;
			sourceTree = "<group>";
		};
		60BD3C98292C658E000D99E4 /* RepositorySearch */ = {
			isa = PBXGroup;
			children = (
				60BD3C99292C65A0000D99E4 /* GitHubRepositorySearchServiceTests.swift */,
			);
			path = RepositorySearch;
			sourceTree = "<group>";
		};
/* End PBXGroup section */

/* Begin PBXNativeTarget section */
		60BD3C38292C5EB2000D99E4 /* LetsTest-GitHubSearch */ = {
			isa = PBXNativeTarget;
			buildConfigurationList = 60BD3C63292C5EB4000D99E4 /* Build configuration list for PBXNativeTarget "LetsTest-GitHubSearch" */;
			buildPhases = (
				60BD3C35292C5EB2000D99E4 /* Sources */,
				60BD3C36292C5EB2000D99E4 /* Frameworks */,
				60BD3C37292C5EB2000D99E4 /* Resources */,
			);
			buildRules = (
			);
			dependencies = (
			);
			name = "LetsTest-GitHubSearch";
			packageProductDependencies = (
				60BD3C82292C6429000D99E4 /* Testables */,
			);
			productName = "LetsTest-GitHubSearch";
			productReference = 60BD3C39292C5EB2000D99E4 /* LetsTest-GitHubSearch.app */;
			productType = "com.apple.product-type.application";
		};
		60BD3C4E292C5EB4000D99E4 /* LetsTest-GitHubSearchTests */ = {
			isa = PBXNativeTarget;
			buildConfigurationList = 60BD3C66292C5EB4000D99E4 /* Build configuration list for PBXNativeTarget "LetsTest-GitHubSearchTests" */;
			buildPhases = (
				60BD3C4B292C5EB4000D99E4 /* Sources */,
				60BD3C4C292C5EB4000D99E4 /* Frameworks */,
				60BD3C4D292C5EB4000D99E4 /* Resources */,
			);
			buildRules = (
			);
			dependencies = (
				60BD3C51292C5EB4000D99E4 /* PBXTargetDependency */,
			);
			name = "LetsTest-GitHubSearchTests";
			packageProductDependencies = (
				60BD3C7F292C640C000D99E4 /* Stub */,
			);
			productName = "LetsTest-GitHubSearchTests";
			productReference = 60BD3C4F292C5EB4000D99E4 /* LetsTest-GitHubSearchTests.xctest */;
			productType = "com.apple.product-type.bundle.unit-test";
		};
/* End PBXNativeTarget section */

/* Begin PBXProject section */
		60BD3C31292C5EB2000D99E4 /* Project object */ = {
			isa = PBXProject;
			attributes = {
				BuildIndependentTargetsInParallel = 1;
				LastSwiftUpdateCheck = 1340;
				LastUpgradeCheck = 1340;
				TargetAttributes = {
					60BD3C38292C5EB2000D99E4 = {
						CreatedOnToolsVersion = 13.4.1;
					};
					60BD3C4E292C5EB4000D99E4 = {
						CreatedOnToolsVersion = 13.4.1;
						TestTargetID = 60BD3C38292C5EB2000D99E4;
					};
				};
			};
			buildConfigurationList = 60BD3C34292C5EB2000D99E4 /* Build configuration list for PBXProject "LetsTest-GitHubSearch" */;
			compatibilityVersion = "Xcode 13.0";
			developmentRegion = en;
			hasScannedForEncodings = 0;
			knownRegions = (
				en,
				Base,
			);
			mainGroup = 60BD3C30292C5EB2000D99E4;
			packageReferences = (
				60BD3C7E292C640C000D99E4 /* XCRemoteSwiftPackageReference "Stub" */,
				60BD3C81292C6429000D99E4 /* XCRemoteSwiftPackageReference "Testables" */,
			);
			productRefGroup = 60BD3C3A292C5EB2000D99E4 /* Products */;
			projectDirPath = "";
			projectRoot = "";
			targets = (
				60BD3C38292C5EB2000D99E4 /* LetsTest-GitHubSearch */,
				60BD3C4E292C5EB4000D99E4 /* LetsTest-GitHubSearchTests */,
			);
		};
/* End PBXProject section */

/* Begin PBXResourcesBuildPhase section */
		60BD3C37292C5EB2000D99E4 /* Resources */ = {
			isa = PBXResourcesBuildPhase;
			buildActionMask = 2147483647;
			files = (
				60BD3C49292C5EB4000D99E4 /* LaunchScreen.storyboard in Resources */,
				60BD3C46292C5EB4000D99E4 /* Assets.xcassets in Resources */,
			);
			runOnlyForDeploymentPostprocessing = 0;
		};
		60BD3C4D292C5EB4000D99E4 /* Resources */ = {
			isa = PBXResourcesBuildPhase;
			buildActionMask = 2147483647;
			files = (
			);
			runOnlyForDeploymentPostprocessing = 0;
		};
/* End PBXResourcesBuildPhase section */

/* Begin PBXSourcesBuildPhase section */
		60BD3C35292C5EB2000D99E4 /* Sources */ = {
			isa = PBXSourcesBuildPhase;
			buildActionMask = 2147483647;
			files = (
				60BD3C85292C644B000D99E4 /* RepositoryListViewModel.swift in Sources */,
				60BD3C7D292C63B5000D99E4 /* RepositoryListViewController.swift in Sources */,
				60BD3C6F292C6302000D99E4 /* Application.swift in Sources */,
				60BD3C3D292C5EB2000D99E4 /* AppDelegate.swift in Sources */,
				60BD3C3F292C5EB2000D99E4 /* SceneDelegate.swift in Sources */,
				60BD3C89292C6473000D99E4 /* GitHubRepositorySearchService.swift in Sources */,
				60BD3C7B292C6396000D99E4 /* RepositoryTableViewCell.swift in Sources */,
				60BD3C74292C635C000D99E4 /* RepositorySearchResult.swift in Sources */,
				60BD3C72292C634C000D99E4 /* Repository.swift in Sources */,
			);
			runOnlyForDeploymentPostprocessing = 0;
		};
		60BD3C4B292C5EB4000D99E4 /* Sources */ = {
			isa = PBXSourcesBuildPhase;
			buildActionMask = 2147483647;
			files = (
				60BD3C94292C64E0000D99E4 /* RepositoryListViewControllerTests.swift in Sources */,
				60BD3C96292C64F3000D99E4 /* RepositoryListViewModelTests.swift in Sources */,
				60BD3C9A292C65A0000D99E4 /* GitHubRepositorySearchServiceTests.swift in Sources */,
				60BD3C8C292C649D000D99E4 /* AppDelegateStub.swift in Sources */,
				60BD3C92292C64C6000D99E4 /* RepositoryTableViewCellTests.swift in Sources */,
			);
			runOnlyForDeploymentPostprocessing = 0;
		};
/* End PBXSourcesBuildPhase section */

/* Begin PBXTargetDependency section */
		60BD3C51292C5EB4000D99E4 /* PBXTargetDependency */ = {
			isa = PBXTargetDependency;
			target = 60BD3C38292C5EB2000D99E4 /* LetsTest-GitHubSearch */;
			targetProxy = 60BD3C50292C5EB4000D99E4 /* PBXContainerItemProxy */;
		};
/* End PBXTargetDependency section */

/* Begin PBXVariantGroup section */
		60BD3C47292C5EB4000D99E4 /* LaunchScreen.storyboard */ = {
			isa = PBXVariantGroup;
			children = (
				60BD3C48292C5EB4000D99E4 /* Base */,
			);
			name = LaunchScreen.storyboard;
			sourceTree = "<group>";
		};
/* End PBXVariantGroup section */

/* Begin XCBuildConfiguration section */
		60BD3C61292C5EB4000D99E4 /* Debug */ = {
			isa = XCBuildConfiguration;
			buildSettings = {
				ALWAYS_SEARCH_USER_PATHS = NO;
				CLANG_ANALYZER_NONNULL = YES;
				CLANG_ANALYZER_NUMBER_OBJECT_CONVERSION = YES_AGGRESSIVE;
				CLANG_CXX_LANGUAGE_STANDARD = "gnu++17";
				CLANG_ENABLE_MODULES = YES;
				CLANG_ENABLE_OBJC_ARC = YES;
				CLANG_ENABLE_OBJC_WEAK = YES;
				CLANG_WARN_BLOCK_CAPTURE_AUTORELEASING = YES;
				CLANG_WARN_BOOL_CONVERSION = YES;
				CLANG_WARN_COMMA = YES;
				CLANG_WARN_CONSTANT_CONVERSION = YES;
				CLANG_WARN_DEPRECATED_OBJC_IMPLEMENTATIONS = YES;
				CLANG_WARN_DIRECT_OBJC_ISA_USAGE = YES_ERROR;
				CLANG_WARN_DOCUMENTATION_COMMENTS = YES;
				CLANG_WARN_EMPTY_BODY = YES;
				CLANG_WARN_ENUM_CONVERSION = YES;
				CLANG_WARN_INFINITE_RECURSION = YES;
				CLANG_WARN_INT_CONVERSION = YES;
				CLANG_WARN_NON_LITERAL_NULL_CONVERSION = YES;
				CLANG_WARN_OBJC_IMPLICIT_RETAIN_SELF = YES;
				CLANG_WARN_OBJC_LITERAL_CONVERSION = YES;
				CLANG_WARN_OBJC_ROOT_CLASS = YES_ERROR;
				CLANG_WARN_QUOTED_INCLUDE_IN_FRAMEWORK_HEADER = YES;
				CLANG_WARN_RANGE_LOOP_ANALYSIS = YES;
				CLANG_WARN_STRICT_PROTOTYPES = YES;
				CLANG_WARN_SUSPICIOUS_MOVE = YES;
				CLANG_WARN_UNGUARDED_AVAILABILITY = YES_AGGRESSIVE;
				CLANG_WARN_UNREACHABLE_CODE = YES;
				CLANG_WARN__DUPLICATE_METHOD_MATCH = YES;
				COPY_PHASE_STRIP = NO;
				DEBUG_INFORMATION_FORMAT = dwarf;
				ENABLE_STRICT_OBJC_MSGSEND = YES;
				ENABLE_TESTABILITY = YES;
				GCC_C_LANGUAGE_STANDARD = gnu11;
				GCC_DYNAMIC_NO_PIC = NO;
				GCC_NO_COMMON_BLOCKS = YES;
				GCC_OPTIMIZATION_LEVEL = 0;
				GCC_PREPROCESSOR_DEFINITIONS = (
					"DEBUG=1",
					"$(inherited)",
				);
				GCC_WARN_64_TO_32_BIT_CONVERSION = YES;
				GCC_WARN_ABOUT_RETURN_TYPE = YES_ERROR;
				GCC_WARN_UNDECLARED_SELECTOR = YES;
				GCC_WARN_UNINITIALIZED_AUTOS = YES_AGGRESSIVE;
				GCC_WARN_UNUSED_FUNCTION = YES;
				GCC_WARN_UNUSED_VARIABLE = YES;
				IPHONEOS_DEPLOYMENT_TARGET = 15.5;
				MTL_ENABLE_DEBUG_INFO = INCLUDE_SOURCE;
				MTL_FAST_MATH = YES;
				ONLY_ACTIVE_ARCH = YES;
				SDKROOT = iphoneos;
				SWIFT_ACTIVE_COMPILATION_CONDITIONS = DEBUG;
				SWIFT_OPTIMIZATION_LEVEL = "-Onone";
			};
			name = Debug;
		};
		60BD3C62292C5EB4000D99E4 /* Release */ = {
			isa = XCBuildConfiguration;
			buildSettings = {
				ALWAYS_SEARCH_USER_PATHS = NO;
				CLANG_ANALYZER_NONNULL = YES;
				CLANG_ANALYZER_NUMBER_OBJECT_CONVERSION = YES_AGGRESSIVE;
				CLANG_CXX_LANGUAGE_STANDARD = "gnu++17";
				CLANG_ENABLE_MODULES = YES;
				CLANG_ENABLE_OBJC_ARC = YES;
				CLANG_ENABLE_OBJC_WEAK = YES;
				CLANG_WARN_BLOCK_CAPTURE_AUTORELEASING = YES;
				CLANG_WARN_BOOL_CONVERSION = YES;
				CLANG_WARN_COMMA = YES;
				CLANG_WARN_CONSTANT_CONVERSION = YES;
				CLANG_WARN_DEPRECATED_OBJC_IMPLEMENTATIONS = YES;
				CLANG_WARN_DIRECT_OBJC_ISA_USAGE = YES_ERROR;
				CLANG_WARN_DOCUMENTATION_COMMENTS = YES;
				CLANG_WARN_EMPTY_BODY = YES;
				CLANG_WARN_ENUM_CONVERSION = YES;
				CLANG_WARN_INFINITE_RECURSION = YES;
				CLANG_WARN_INT_CONVERSION = YES;
				CLANG_WARN_NON_LITERAL_NULL_CONVERSION = YES;
				CLANG_WARN_OBJC_IMPLICIT_RETAIN_SELF = YES;
				CLANG_WARN_OBJC_LITERAL_CONVERSION = YES;
				CLANG_WARN_OBJC_ROOT_CLASS = YES_ERROR;
				CLANG_WARN_QUOTED_INCLUDE_IN_FRAMEWORK_HEADER = YES;
				CLANG_WARN_RANGE_LOOP_ANALYSIS = YES;
				CLANG_WARN_STRICT_PROTOTYPES = YES;
				CLANG_WARN_SUSPICIOUS_MOVE = YES;
				CLANG_WARN_UNGUARDED_AVAILABILITY = YES_AGGRESSIVE;
				CLANG_WARN_UNREACHABLE_CODE = YES;
				CLANG_WARN__DUPLICATE_METHOD_MATCH = YES;
				COPY_PHASE_STRIP = NO;
				DEBUG_INFORMATION_FORMAT = "dwarf-with-dsym";
				ENABLE_NS_ASSERTIONS = NO;
				ENABLE_STRICT_OBJC_MSGSEND = YES;
				GCC_C_LANGUAGE_STANDARD = gnu11;
				GCC_NO_COMMON_BLOCKS = YES;
				GCC_WARN_64_TO_32_BIT_CONVERSION = YES;
				GCC_WARN_ABOUT_RETURN_TYPE = YES_ERROR;
				GCC_WARN_UNDECLARED_SELECTOR = YES;
				GCC_WARN_UNINITIALIZED_AUTOS = YES_AGGRESSIVE;
				GCC_WARN_UNUSED_FUNCTION = YES;
				GCC_WARN_UNUSED_VARIABLE = YES;
				IPHONEOS_DEPLOYMENT_TARGET = 15.5;
				MTL_ENABLE_DEBUG_INFO = NO;
				MTL_FAST_MATH = YES;
				SDKROOT = iphoneos;
				SWIFT_COMPILATION_MODE = wholemodule;
				SWIFT_OPTIMIZATION_LEVEL = "-O";
				VALIDATE_PRODUCT = YES;
			};
			name = Release;
		};
		60BD3C64292C5EB4000D99E4 /* Debug */ = {
			isa = XCBuildConfiguration;
			buildSettings = {
				ASSETCATALOG_COMPILER_APPICON_NAME = AppIcon;
				ASSETCATALOG_COMPILER_GLOBAL_ACCENT_COLOR_NAME = AccentColor;
				CODE_SIGN_STYLE = Automatic;
				CURRENT_PROJECT_VERSION = 1;
				DEVELOPMENT_TEAM = 46KGHHF73Q;
				GENERATE_INFOPLIST_FILE = YES;
				INFOPLIST_FILE = "LetsTest-GitHubSearch/Resource/Info.plist";
				INFOPLIST_KEY_UIApplicationSupportsIndirectInputEvents = YES;
				INFOPLIST_KEY_UILaunchStoryboardName = LaunchScreen;
				INFOPLIST_KEY_UISupportedInterfaceOrientations_iPad = "UIInterfaceOrientationPortrait UIInterfaceOrientationPortraitUpsideDown UIInterfaceOrientationLandscapeLeft UIInterfaceOrientationLandscapeRight";
				INFOPLIST_KEY_UISupportedInterfaceOrientations_iPhone = "UIInterfaceOrientationPortrait UIInterfaceOrientationLandscapeLeft UIInterfaceOrientationLandscapeRight";
				LD_RUNPATH_SEARCH_PATHS = (
					"$(inherited)",
					"@executable_path/Frameworks",
				);
				MARKETING_VERSION = 1.0;
				PRODUCT_BUNDLE_IDENTIFIER = "com.tokijh.LetsTest-GitHubSearch";
				PRODUCT_NAME = "$(TARGET_NAME)";
				SWIFT_EMIT_LOC_STRINGS = YES;
				SWIFT_VERSION = 5.0;
				TARGETED_DEVICE_FAMILY = "1,2";
			};
			name = Debug;
		};
		60BD3C65292C5EB4000D99E4 /* Release */ = {
			isa = XCBuildConfiguration;
			buildSettings = {
				ASSETCATALOG_COMPILER_APPICON_NAME = AppIcon;
				ASSETCATALOG_COMPILER_GLOBAL_ACCENT_COLOR_NAME = AccentColor;
				CODE_SIGN_STYLE = Automatic;
				CURRENT_PROJECT_VERSION = 1;
				DEVELOPMENT_TEAM = 46KGHHF73Q;
				GENERATE_INFOPLIST_FILE = YES;
				INFOPLIST_FILE = "LetsTest-GitHubSearch/Resource/Info.plist";
				INFOPLIST_KEY_UIApplicationSupportsIndirectInputEvents = YES;
				INFOPLIST_KEY_UILaunchStoryboardName = LaunchScreen;
				INFOPLIST_KEY_UISupportedInterfaceOrientations_iPad = "UIInterfaceOrientationPortrait UIInterfaceOrientationPortraitUpsideDown UIInterfaceOrientationLandscapeLeft UIInterfaceOrientationLandscapeRight";
				INFOPLIST_KEY_UISupportedInterfaceOrientations_iPhone = "UIInterfaceOrientationPortrait UIInterfaceOrientationLandscapeLeft UIInterfaceOrientationLandscapeRight";
				LD_RUNPATH_SEARCH_PATHS = (
					"$(inherited)",
					"@executable_path/Frameworks",
				);
				MARKETING_VERSION = 1.0;
				PRODUCT_BUNDLE_IDENTIFIER = "com.tokijh.LetsTest-GitHubSearch";
				PRODUCT_NAME = "$(TARGET_NAME)";
				SWIFT_EMIT_LOC_STRINGS = YES;
				SWIFT_VERSION = 5.0;
				TARGETED_DEVICE_FAMILY = "1,2";
			};
			name = Release;
		};
		60BD3C67292C5EB4000D99E4 /* Debug */ = {
			isa = XCBuildConfiguration;
			buildSettings = {
				ALWAYS_EMBED_SWIFT_STANDARD_LIBRARIES = YES;
				BUNDLE_LOADER = "$(TEST_HOST)";
				CODE_SIGN_STYLE = Automatic;
				CURRENT_PROJECT_VERSION = 1;
				DEVELOPMENT_TEAM = 46KGHHF73Q;
				GENERATE_INFOPLIST_FILE = YES;
				IPHONEOS_DEPLOYMENT_TARGET = 15.5;
				MARKETING_VERSION = 1.0;
				PRODUCT_BUNDLE_IDENTIFIER = "com.tokijh.LetsTest-GitHubSearchTests";
				PRODUCT_NAME = "$(TARGET_NAME)";
				SWIFT_EMIT_LOC_STRINGS = NO;
				SWIFT_VERSION = 5.0;
				TARGETED_DEVICE_FAMILY = "1,2";
				TEST_HOST = "$(BUILT_PRODUCTS_DIR)/LetsTest-GitHubSearch.app/LetsTest-GitHubSearch";
			};
			name = Debug;
		};
		60BD3C68292C5EB4000D99E4 /* Release */ = {
			isa = XCBuildConfiguration;
			buildSettings = {
				ALWAYS_EMBED_SWIFT_STANDARD_LIBRARIES = YES;
				BUNDLE_LOADER = "$(TEST_HOST)";
				CODE_SIGN_STYLE = Automatic;
				CURRENT_PROJECT_VERSION = 1;
				DEVELOPMENT_TEAM = 46KGHHF73Q;
				GENERATE_INFOPLIST_FILE = YES;
				IPHONEOS_DEPLOYMENT_TARGET = 15.5;
				MARKETING_VERSION = 1.0;
				PRODUCT_BUNDLE_IDENTIFIER = "com.tokijh.LetsTest-GitHubSearchTests";
				PRODUCT_NAME = "$(TARGET_NAME)";
				SWIFT_EMIT_LOC_STRINGS = NO;
				SWIFT_VERSION = 5.0;
				TARGETED_DEVICE_FAMILY = "1,2";
				TEST_HOST = "$(BUILT_PRODUCTS_DIR)/LetsTest-GitHubSearch.app/LetsTest-GitHubSearch";
			};
			name = Release;
		};
/* End XCBuildConfiguration section */

/* Begin XCConfigurationList section */
		60BD3C34292C5EB2000D99E4 /* Build configuration list for PBXProject "LetsTest-GitHubSearch" */ = {
			isa = XCConfigurationList;
			buildConfigurations = (
				60BD3C61292C5EB4000D99E4 /* Debug */,
				60BD3C62292C5EB4000D99E4 /* Release */,
			);
			defaultConfigurationIsVisible = 0;
			defaultConfigurationName = Release;
		};
		60BD3C63292C5EB4000D99E4 /* Build configuration list for PBXNativeTarget "LetsTest-GitHubSearch" */ = {
			isa = XCConfigurationList;
			buildConfigurations = (
				60BD3C64292C5EB4000D99E4 /* Debug */,
				60BD3C65292C5EB4000D99E4 /* Release */,
			);
			defaultConfigurationIsVisible = 0;
			defaultConfigurationName = Release;
		};
		60BD3C66292C5EB4000D99E4 /* Build configuration list for PBXNativeTarget "LetsTest-GitHubSearchTests" */ = {
			isa = XCConfigurationList;
			buildConfigurations = (
				60BD3C67292C5EB4000D99E4 /* Debug */,
				60BD3C68292C5EB4000D99E4 /* Release */,
			);
			defaultConfigurationIsVisible = 0;
			defaultConfigurationName = Release;
		};
/* End XCConfigurationList section */

/* Begin XCRemoteSwiftPackageReference section */
		60BD3C7E292C640C000D99E4 /* XCRemoteSwiftPackageReference "Stub" */ = {
			isa = XCRemoteSwiftPackageReference;
			repositoryURL = "https://github.com/tokijh/Stub";
			requirement = {
				kind = revision;
				revision = 07bfaeb1b015e838993375be2f8d6094b966d494;
			};
		};
		60BD3C81292C6429000D99E4 /* XCRemoteSwiftPackageReference "Testables" */ = {
			isa = XCRemoteSwiftPackageReference;
			repositoryURL = "https://github.com/StyleShare/Testables";
			requirement = {
				kind = upToNextMajorVersion;
				minimumVersion = 0.2.0;
			};
		};
/* End XCRemoteSwiftPackageReference section */

/* Begin XCSwiftPackageProductDependency section */
		60BD3C7F292C640C000D99E4 /* Stub */ = {
			isa = XCSwiftPackageProductDependency;
			package = 60BD3C7E292C640C000D99E4 /* XCRemoteSwiftPackageReference "Stub" */;
			productName = Stub;
		};
		60BD3C82292C6429000D99E4 /* Testables */ = {
			isa = XCSwiftPackageProductDependency;
			package = 60BD3C81292C6429000D99E4 /* XCRemoteSwiftPackageReference "Testables" */;
			productName = Testables;
		};
/* End XCSwiftPackageProductDependency section */
	};
	rootObject = 60BD3C31292C5EB2000D99E4 /* Project object */;
}
